
Microsoft Visual Studio Solution File, Format Version 12.00
# Visual Studio Version 17
VisualStudioVersion = 17.8.34316.72
MinimumVisualStudioVersion = 10.0.40219.1
Project("{FAE04EC0-301F-11D3-BF4B-00C04F79EFBC}") = "Oops", "Oops\Oops.csproj", "{A45974E0-4644-4534-9097-6DAC341CFA21}"
EndProject
Global
	GlobalSection(SolutionConfigurationPlatforms) = preSolution
		Debug|Any CPU = Debug|Any CPU
		Release|Any CPU = Release|Any CPU
	EndGlobalSection
	GlobalSection(ProjectConfigurationPlatforms) = postSolution
		{A45974E0-4644-4534-9097-6DAC341CFA21}.Debug|Any CPU.ActiveCfg = Debug|Any CPU
		{A45974E0-4644-4534-9097-6DAC341CFA21}.Debug|Any CPU.Build.0 = Debug|Any CPU
		{A45974E0-4644-4534-9097-6DAC341CFA21}.Release|Any CPU.ActiveCfg = Release|Any CPU
		{A45974E0-4644-4534-9097-6DAC341CFA21}.Release|Any CPU.Build.0 = Release|Any CPU
	EndGlobalSection
	GlobalSection(SolutionProperties) = preSolution
		HideSolutionNode = FALSE
	EndGlobalSection
	GlobalSection(ExtensibilityGlobals) = postSolution
		SolutionGuid = {3ECAB794-8252-48AF-8CB9-DF02E8DF4D0B}
	EndGlobalSection
EndGlobal
